# THIS IS AN AUTOGENERATED FILE. DO NOT EDIT THIS FILE DIRECTLY.
# yarn lockfile v1


tailwind-scrollbar@^3.0.5:
  version "3.0.5"
  resolved "https://registry.yarnpkg.com/tailwind-scrollbar/-/tailwind-scrollbar-3.0.5.tgz#c904118f4f1a572edef93da2d436e1db8b93dd87"
  integrity sha512-0ZwxTivevqq9BY9fRP9zDjHl7Tu+J5giBGbln+0O1R/7nHtBUKnjQcA1aTIhK7Oyjp6Uc/Dj6/dn8Dq58k5Uww==
